PODS:
  - Flutter (1.0.0)
  - flutter_ezviz (0.0.1):
    - Flutter

DEPENDENCIES:
  - Flutter (from `.symlinks/flutter/ios`)
  - flutter_ezviz (from `.symlinks/plugins/flutter_ezviz/ios`)

EXTERNAL SOURCES:
  Flutter:
    :path: ".symlinks/flutter/ios"
  flutter_ezviz:
    :path: ".symlinks/plugins/flutter_ezviz/ios"

SPEC CHECKSUMS:
  Flutter: 0e3d915762c693b495b44d77113d4970485de6ec
  flutter_ezviz: 1dd4810b4d8c4517e40bcac7491b1fd89084e002

PODFILE CHECKSUM: 7fb83752f59ead6285236625b82473f90b1cb932

COCOAPODS: 1.9.3
